// !$*UTF8*$!
{
	archiveVersion = 1;
	classes = {
	};
	objectVersion = 48;
	objects = {

/* Begin PBXBuildFile section */
		914EB856200D986B007E6EE4 /* FMDatabaseQueue.m in Sources */ = {isa = PBXBuildFile; fileRef = 914EB846200D986B007E6EE4 /* FMDatabaseQueue.m */; };
		914EB857200D986B007E6EE4 /* FMDatabaseAdditions.m in Sources */ = {isa = PBXBuildFile; fileRef = 914EB849200D986B007E6EE4 /* FMDatabaseAdditions.m */; };
		914EB858200D986B007E6EE4 /* FMDatabase.m in Sources */ = {isa = PBXBuildFile; fileRef = 914EB84A200D986B007E6EE4 /* FMDatabase.m */; };
		914EB859200D986B007E6EE4 /* FMDatabasePool.m in Sources */ = {isa = PBXBuildFile; fileRef = 914EB84E200D986B007E6EE4 /* FMDatabasePool.m */; };
		914EB85A200D986B007E6EE4 /* FMResultSet.m in Sources */ = {isa = PBXBuildFile; fileRef = 914EB84F200D986B007E6EE4 /* FMResultSet.m */; };
		914EB85B200D986B007E6EE4 /* Info.plist in Resources */ = {isa = PBXBuildFile; fileRef = 914EB850200D986B007E6EE4 /* Info.plist */; };
		914EB85C200D986B007E6EE4 /* JHCustomMenu.m in Sources */ = {isa = PBXBuildFile; fileRef = 914EB854200D986B007E6EE4 /* JHCustomMenu.m */; };
		914EB85D200D986B007E6EE4 /* CustomMenuTableViewCell.m in Sources */ = {isa = PBXBuildFile; fileRef = 914EB855200D986B007E6EE4 /* CustomMenuTableViewCell.m */; };
		916EF46C200E3D7D001CBB6D /* LaunchScreen.storyboard in Resources */ = {isa = PBXBuildFile; fileRef = 916EF46B200E3D7D001CBB6D /* LaunchScreen.storyboard */; };
		916EF472200F8650001CBB6D /* UIView+UIViewExt.m in Sources */ = {isa = PBXBuildFile; fileRef = 916EF471200F8650001CBB6D /* UIView+UIViewExt.m */; };
		916EF477200F89A5001CBB6D /* JSDropDownMenu.m in Sources */ = {isa = PBXBuildFile; fileRef = 916EF474200F89A5001CBB6D /* JSDropDownMenu.m */; };
		916EF478200F89A5001CBB6D /* ico_make.png in Resources */ = {isa = PBXBuildFile; fileRef = 916EF475200F89A5001CBB6D /* ico_make.png */; };
		916EF47F200F9235001CBB6D /* YXDeviceTools.m in Sources */ = {isa = PBXBuildFile; fileRef = 916EF47E200F9235001CBB6D /* YXDeviceTools.m */; };
		918CB4542013968900605722 /* ruili.db in Resources */ = {isa = PBXBuildFile; fileRef = 918CB4532013968900605722 /* ruili.db */; };
		91E18FC02012D63A00706125 /* project.plist in Resources */ = {isa = PBXBuildFile; fileRef = 91E18FBF2012D63A00706125 /* project.plist */; };
		91E18FC32012DD2D00706125 /* YXAddProjectViewController.m in Sources */ = {isa = PBXBuildFile; fileRef = 91E18FC22012DD2D00706125 /* YXAddProjectViewController.m */; };
		91E18FC62012DD4E00706125 /* YXSQLManager.m in Sources */ = {isa = PBXBuildFile; fileRef = 91E18FC52012DD4E00706125 /* YXSQLManager.m */; };
		91E18FCA2012E19B00706125 /* YXNavBarView.m in Sources */ = {isa = PBXBuildFile; fileRef = 91E18FC92012E19B00706125 /* YXNavBarView.m */; };
		91E18FCE2012E34600706125 /* ImageShow_Back.png in Resources */ = {isa = PBXBuildFile; fileRef = 91E18FCC2012E34600706125 /* ImageShow_Back.png */; };
		91E18FCF2012E34600706125 /* ImageShow_Back@2x.png in Resources */ = {isa = PBXBuildFile; fileRef = 91E18FCD2012E34600706125 /* ImageShow_Back@2x.png */; };
		91E18FD32012E5D700706125 /* YXProjectModel.m in Sources */ = {isa = PBXBuildFile; fileRef = 91E18FD22012E5D700706125 /* YXProjectModel.m */; };
		91E18FD62012FB6000706125 /* YXSelectProjectViewController.m in Sources */ = {isa = PBXBuildFile; fileRef = 91E18FD52012FB6000706125 /* YXSelectProjectViewController.m */; };
		91E18FD92012FB7A00706125 /* YXSelectProjectClassViewController.m in Sources */ = {isa = PBXBuildFile; fileRef = 91E18FD82012FB7A00706125 /* YXSelectProjectClassViewController.m */; };
		91E18FDC2012FDE700706125 /* defaultImg@2x.jpeg in Resources */ = {isa = PBXBuildFile; fileRef = 91E18FDA2012FDE600706125 /* defaultImg@2x.jpeg */; };
		91E18FDD2012FDE700706125 /* defaultImg.jpeg in Resources */ = {isa = PBXBuildFile; fileRef = 91E18FDB2012FDE600706125 /* defaultImg.jpeg */; };
		91E18FE02013013300706125 /* YXAddprojectTableViewCell.m in Sources */ = {isa = PBXBuildFile; fileRef = 91E18FDF2013013300706125 /* YXAddprojectTableViewCell.m */; };
		91E18FE3201307F800706125 /* rightArrows@3x.png in Resources */ = {isa = PBXBuildFile; fileRef = 91E18FE1201307F800706125 /* rightArrows@3x.png */; };
		91E18FE4201307F800706125 /* rightArrows@2x.png in Resources */ = {isa = PBXBuildFile; fileRef = 91E18FE2201307F800706125 /* rightArrows@2x.png */; };
		91E18FE72013278D00706125 /* YXSelectProjectTableViewCell.m in Sources */ = {isa = PBXBuildFile; fileRef = 91E18FE62013278D00706125 /* YXSelectProjectTableViewCell.m */; };
		91E18FEA2013280E00706125 /* cellSelected@2x.png in Resources */ = {isa = PBXBuildFile; fileRef = 91E18FE82013280E00706125 /* cellSelected@2x.png */; };
		91E18FEB2013280E00706125 /* cellSelected@3x.png in Resources */ = {isa = PBXBuildFile; fileRef = 91E18FE92013280E00706125 /* cellSelected@3x.png */; };
		91E18FEE2013424100706125 /* YXProductModel.m in Sources */ = {isa = PBXBuildFile; fileRef = 91E18FED2013424100706125 /* YXProductModel.m */; };
		91E18FF12013442F00706125 /* YXMealCardModel.m in Sources */ = {isa = PBXBuildFile; fileRef = 91E18FF02013442F00706125 /* YXMealCardModel.m */; };
		91E18FF4201344D900706125 /* YXChargeCardModel.m in Sources */ = {isa = PBXBuildFile; fileRef = 91E18FF3201344D900706125 /* YXChargeCardModel.m */; };
		91E18FFB20137AE700706125 /* product.plist in Resources */ = {isa = PBXBuildFile; fileRef = 91E18FFA20137AE700706125 /* product.plist */; };
		91FAD26E200CD02100CD3E1E /* AppDelegate.m in Sources */ = {isa = PBXBuildFile; fileRef = 91FAD26D200CD02100CD3E1E /* AppDelegate.m */; };
		91FAD271200CD02100CD3E1E /* YXViewController.m in Sources */ = {isa = PBXBuildFile; fileRef = 91FAD270200CD02100CD3E1E /* YXViewController.m */; };
		91FAD276200CD02100CD3E1E /* Assets.xcassets in Resources */ = {isa = PBXBuildFile; fileRef = 91FAD275200CD02100CD3E1E /* Assets.xcassets */; };
		91FAD27C200CD02100CD3E1E /* main.m in Sources */ = {isa = PBXBuildFile; fileRef = 91FAD27B200CD02100CD3E1E /* main.m */; };
		91FAD286200CD02100CD3E1E /* ruilispaTests.m in Sources */ = {isa = PBXBuildFile; fileRef = 91FAD285200CD02100CD3E1E /* ruilispaTests.m */; };
		91FAD291200CD02100CD3E1E /* ruilispaUITests.m in Sources */ = {isa = PBXBuildFile; fileRef = 91FAD290200CD02100CD3E1E /* ruilispaUITests.m */; };
/* End PBXBuildFile section */

/* Begin PBXContainerItemProxy section */
		91FAD282200CD02100CD3E1E /* PBXContainerItemProxy */ = {
			isa = PBXContainerItemProxy;
			containerPortal = 91FAD261200CD02100CD3E1E /* Project object */;
			proxyType = 1;
			remoteGlobalIDString = 91FAD268200CD02100CD3E1E;
			remoteInfo = ruilispa;
		};
		91FAD28D200CD02100CD3E1E /* PBXContainerItemProxy */ = {
			isa = PBXContainerItemProxy;
			containerPortal = 91FAD261200CD02100CD3E1E /* Project object */;
			proxyType = 1;
			remoteGlobalIDString = 91FAD268200CD02100CD3E1E;
			remoteInfo = ruilispa;
		};
/* End PBXContainerItemProxy section */

/* Begin PBXFileReference section */
		914EB845200D986B007E6EE4 /* FMDatabase.h */ = {isa = PBXFileReference; fileEncoding = 4; lastKnownFileType = sourcecode.c.h; path = FMDatabase.h; sourceTree = "<group>"; };
		914EB846200D986B007E6EE4 /* FMDatabaseQueue.m */ = {isa = PBXFileReference; fileEncoding = 4; lastKnownFileType = sourcecode.c.objc; path = FMDatabaseQueue.m; sourceTree = "<group>"; };
		914EB847200D986B007E6EE4 /* FMResultSet.h */ = {isa = PBXFileReference; fileEncoding = 4; lastKnownFileType = sourcecode.c.h; path = FMResultSet.h; sourceTree = "<group>"; };
		914EB848200D986B007E6EE4 /* FMDatabasePool.h */ = {isa = PBXFileReference; fileEncoding = 4; lastKnownFileType = sourcecode.c.h; path = FMDatabasePool.h; sourceTree = "<group>"; };
		914EB849200D986B007E6EE4 /* FMDatabaseAdditions.m */ = {isa = PBXFileReference; fileEncoding = 4; lastKnownFileType = sourcecode.c.objc; path = FMDatabaseAdditions.m; sourceTree = "<group>"; };
		914EB84A200D986B007E6EE4 /* FMDatabase.m */ = {isa = PBXFileReference; fileEncoding = 4; lastKnownFileType = sourcecode.c.objc; path = FMDatabase.m; sourceTree = "<group>"; };
		914EB84B200D986B007E6EE4 /* FMDatabaseQueue.h */ = {isa = PBXFileReference; fileEncoding = 4; lastKnownFileType = sourcecode.c.h; path = FMDatabaseQueue.h; sourceTree = "<group>"; };
		914EB84C200D986B007E6EE4 /* FMDB.h */ = {isa = PBXFileReference; fileEncoding = 4; lastKnownFileType = sourcecode.c.h; path = FMDB.h; sourceTree = "<group>"; };
		914EB84D200D986B007E6EE4 /* FMDatabaseAdditions.h */ = {isa = PBXFileReference; fileEncoding = 4; lastKnownFileType = sourcecode.c.h; path = FMDatabaseAdditions.h; sourceTree = "<group>"; };
		914EB84E200D986B007E6EE4 /* FMDatabasePool.m */ = {isa = PBXFileReference; fileEncoding = 4; lastKnownFileType = sourcecode.c.objc; path = FMDatabasePool.m; sourceTree = "<group>"; };
		914EB84F200D986B007E6EE4 /* FMResultSet.m */ = {isa = PBXFileReference; fileEncoding = 4; lastKnownFileType = sourcecode.c.objc; path = FMResultSet.m; sourceTree = "<group>"; };
		914EB850200D986B007E6EE4 /* Info.plist */ = {isa = PBXFileReference; fileEncoding = 4; lastKnownFileType = text.plist.xml; path = Info.plist; sourceTree = "<group>"; };
		914EB852200D986B007E6EE4 /* JHCustomMenu.h */ = {isa = PBXFileReference; fileEncoding = 4; lastKnownFileType = sourcecode.c.h; path = JHCustomMenu.h; sourceTree = "<group>"; };
		914EB853200D986B007E6EE4 /* CustomMenuTableViewCell.h */ = {isa = PBXFileReference; fileEncoding = 4; lastKnownFileType = sourcecode.c.h; path = CustomMenuTableViewCell.h; sourceTree = "<group>"; };
		914EB854200D986B007E6EE4 /* JHCustomMenu.m */ = {isa = PBXFileReference; fileEncoding = 4; lastKnownFileType = sourcecode.c.objc; path = JHCustomMenu.m; sourceTree = "<group>"; };
		914EB855200D986B007E6EE4 /* CustomMenuTableViewCell.m */ = {isa = PBXFileReference; fileEncoding = 4; lastKnownFileType = sourcecode.c.objc; path = CustomMenuTableViewCell.m; sourceTree = "<group>"; };
		916EF46B200E3D7D001CBB6D /* LaunchScreen.storyboard */ = {isa = PBXFileReference; lastKnownFileType = file.storyboard; path = LaunchScreen.storyboard; sourceTree = "<group>"; };
		916EF46E200F846D001CBB6D /* ruilispa_Prefix.pch */ = {isa = PBXFileReference; lastKnownFileType = sourcecode.c.h; path = ruilispa_Prefix.pch; sourceTree = "<group>"; };
		916EF470200F8650001CBB6D /* UIView+UIViewExt.h */ = {isa = PBXFileReference; fileEncoding = 4; lastKnownFileType = sourcecode.c.h; path = "UIView+UIViewExt.h"; sourceTree = "<group>"; };
		916EF471200F8650001CBB6D /* UIView+UIViewExt.m */ = {isa = PBXFileReference; fileEncoding = 4; lastKnownFileType = sourcecode.c.objc; path = "UIView+UIViewExt.m"; sourceTree = "<group>"; };
		916EF474200F89A5001CBB6D /* JSDropDownMenu.m */ = {isa = PBXFileReference; fileEncoding = 4; lastKnownFileType = sourcecode.c.objc; path = JSDropDownMenu.m; sourceTree = "<group>"; };
		916EF475200F89A5001CBB6D /* ico_make.png */ = {isa = PBXFileReference; lastKnownFileType = image.png; path = ico_make.png; sourceTree = "<group>"; };
		916EF476200F89A5001CBB6D /* JSDropDownMenu.h */ = {isa = PBXFileReference; fileEncoding = 4; lastKnownFileType = sourcecode.c.h; path = JSDropDownMenu.h; sourceTree = "<group>"; };
		916EF47D200F9235001CBB6D /* YXDeviceTools.h */ = {isa = PBXFileReference; fileEncoding = 4; lastKnownFileType = sourcecode.c.h; path = YXDeviceTools.h; sourceTree = "<group>"; };
		916EF47E200F9235001CBB6D /* YXDeviceTools.m */ = {isa = PBXFileReference; fileEncoding = 4; lastKnownFileType = sourcecode.c.objc; path = YXDeviceTools.m; sourceTree = "<group>"; };
		918CB4532013968900605722 /* ruili.db */ = {isa = PBXFileReference; lastKnownFileType = file; path = ruili.db; sourceTree = "<group>"; };
		91E18FBF2012D63A00706125 /* project.plist */ = {isa = PBXFileReference; lastKnownFileType = text.plist.xml; path = project.plist; sourceTree = "<group>"; };
		91E18FC12012DD2D00706125 /* YXAddProjectViewController.h */ = {isa = PBXFileReference; lastKnownFileType = sourcecode.c.h; path = YXAddProjectViewController.h; sourceTree = "<group>"; };
		91E18FC22012DD2D00706125 /* YXAddProjectViewController.m */ = {isa = PBXFileReference; lastKnownFileType = sourcecode.c.objc; path = YXAddProjectViewController.m; sourceTree = "<group>"; };
		91E18FC42012DD4E00706125 /* YXSQLManager.h */ = {isa = PBXFileReference; lastKnownFileType = sourcecode.c.h; path = YXSQLManager.h; sourceTree = "<group>"; };
		91E18FC52012DD4E00706125 /* YXSQLManager.m */ = {isa = PBXFileReference; lastKnownFileType = sourcecode.c.objc; path = YXSQLManager.m; sourceTree = "<group>"; };
		91E18FC82012E19B00706125 /* YXNavBarView.h */ = {isa = PBXFileReference; lastKnownFileType = sourcecode.c.h; path = YXNavBarView.h; sourceTree = "<group>"; };
		91E18FC92012E19B00706125 /* YXNavBarView.m */ = {isa = PBXFileReference; lastKnownFileType = sourcecode.c.objc; path = YXNavBarView.m; sourceTree = "<group>"; };
		91E18FCC2012E34600706125 /* ImageShow_Back.png */ = {isa = PBXFileReference; lastKnownFileType = image.png; path = ImageShow_Back.png; sourceTree = "<group>"; };
		91E18FCD2012E34600706125 /* ImageShow_Back@2x.png */ = {isa = PBXFileReference; lastKnownFileType = image.png; path = "ImageShow_Back@2x.png"; sourceTree = "<group>"; };
		91E18FD12012E5D700706125 /* YXProjectModel.h */ = {isa = PBXFileReference; lastKnownFileType = sourcecode.c.h; path = YXProjectModel.h; sourceTree = "<group>"; };
		91E18FD22012E5D700706125 /* YXProjectModel.m */ = {isa = PBXFileReference; lastKnownFileType = sourcecode.c.objc; path = YXProjectModel.m; sourceTree = "<group>"; };
		91E18FD42012FB6000706125 /* YXSelectProjectViewController.h */ = {isa = PBXFileReference; lastKnownFileType = sourcecode.c.h; path = YXSelectProjectViewController.h; sourceTree = "<group>"; };
		91E18FD52012FB6000706125 /* YXSelectProjectViewController.m */ = {isa = PBXFileReference; lastKnownFileType = sourcecode.c.objc; path = YXSelectProjectViewController.m; sourceTree = "<group>"; };
		91E18FD72012FB7A00706125 /* YXSelectProjectClassViewController.h */ = {isa = PBXFileReference; lastKnownFileType = sourcecode.c.h; path = YXSelectProjectClassViewController.h; sourceTree = "<group>"; };
		91E18FD82012FB7A00706125 /* YXSelectProjectClassViewController.m */ = {isa = PBXFileReference; lastKnownFileType = sourcecode.c.objc; path = YXSelectProjectClassViewController.m; sourceTree = "<group>"; };
		91E18FDA2012FDE600706125 /* defaultImg@2x.jpeg */ = {isa = PBXFileReference; lastKnownFileType = image.jpeg; path = "defaultImg@2x.jpeg"; sourceTree = "<group>"; };
		91E18FDB2012FDE600706125 /* defaultImg.jpeg */ = {isa = PBXFileReference; lastKnownFileType = image.jpeg; path = defaultImg.jpeg; sourceTree = "<group>"; };
		91E18FDE2013013300706125 /* YXAddprojectTableViewCell.h */ = {isa = PBXFileReference; lastKnownFileType = sourcecode.c.h; path = YXAddprojectTableViewCell.h; sourceTree = "<group>"; };
		91E18FDF2013013300706125 /* YXAddprojectTableViewCell.m */ = {isa = PBXFileReference; lastKnownFileType = sourcecode.c.objc; path = YXAddprojectTableViewCell.m; sourceTree = "<group>"; };
		91E18FE1201307F800706125 /* rightArrows@3x.png */ = {isa = PBXFileReference; lastKnownFileType = image.png; path = "rightArrows@3x.png"; sourceTree = "<group>"; };
		91E18FE2201307F800706125 /* rightArrows@2x.png */ = {isa = PBXFileReference; lastKnownFileType = image.png; path = "rightArrows@2x.png"; sourceTree = "<group>"; };
		91E18FE52013278D00706125 /* YXSelectProjectTableViewCell.h */ = {isa = PBXFileReference; lastKnownFileType = sourcecode.c.h; path = YXSelectProjectTableViewCell.h; sourceTree = "<group>"; };
		91E18FE62013278D00706125 /* YXSelectProjectTableViewCell.m */ = {isa = PBXFileReference; lastKnownFileType = sourcecode.c.objc; path = YXSelectProjectTableViewCell.m; sourceTree = "<group>"; };
		91E18FE82013280E00706125 /* cellSelected@2x.png */ = {isa = PBXFileReference; lastKnownFileType = image.png; path = "cellSelected@2x.png"; sourceTree = "<group>"; };
		91E18FE92013280E00706125 /* cellSelected@3x.png */ = {isa = PBXFileReference; lastKnownFileType = image.png; path = "cellSelected@3x.png"; sourceTree = "<group>"; };
		91E18FEC2013424100706125 /* YXProductModel.h */ = {isa = PBXFileReference; lastKnownFileType = sourcecode.c.h; path = YXProductModel.h; sourceTree = "<group>"; };
		91E18FED2013424100706125 /* YXProductModel.m */ = {isa = PBXFileReference; lastKnownFileType = sourcecode.c.objc; path = YXProductModel.m; sourceTree = "<group>"; };
		91E18FEF2013442F00706125 /* YXMealCardModel.h */ = {isa = PBXFileReference; lastKnownFileType = sourcecode.c.h; path = YXMealCardModel.h; sourceTree = "<group>"; };
		91E18FF02013442F00706125 /* YXMealCardModel.m */ = {isa = PBXFileReference; lastKnownFileType = sourcecode.c.objc; path = YXMealCardModel.m; sourceTree = "<group>"; };
		91E18FF2201344D900706125 /* YXChargeCardModel.h */ = {isa = PBXFileReference; lastKnownFileType = sourcecode.c.h; path = YXChargeCardModel.h; sourceTree = "<group>"; };
		91E18FF3201344D900706125 /* YXChargeCardModel.m */ = {isa = PBXFileReference; lastKnownFileType = sourcecode.c.objc; path = YXChargeCardModel.m; sourceTree = "<group>"; };
		91E18FFA20137AE700706125 /* product.plist */ = {isa = PBXFileReference; fileEncoding = 4; lastKnownFileType = text.plist.xml; path = product.plist; sourceTree = "<group>"; };
		91FAD269200CD02100CD3E1E /* ruilispa.app */ = {isa = PBXFileReference; explicitFileType = wrapper.application; includeInIndex = 0; path = ruilispa.app; sourceTree = BUILT_PRODUCTS_DIR; };
		91FAD26C200CD02100CD3E1E /* AppDelegate.h */ = {isa = PBXFileReference; lastKnownFileType = sourcecode.c.h; path = AppDelegate.h; sourceTree = "<group>"; };
		91FAD26D200CD02100CD3E1E /* AppDelegate.m */ = {isa = PBXFileReference; lastKnownFileType = sourcecode.c.objc; path = AppDelegate.m; sourceTree = "<group>"; };
		91FAD26F200CD02100CD3E1E /* YXViewController.h */ = {isa = PBXFileReference; lastKnownFileType = sourcecode.c.h; path = YXViewController.h; sourceTree = "<group>"; };
		91FAD270200CD02100CD3E1E /* YXViewController.m */ = {isa = PBXFileReference; lastKnownFileType = sourcecode.c.objc; path = YXViewController.m; sourceTree = "<group>"; };
		91FAD275200CD02100CD3E1E /* Assets.xcassets */ = {isa = PBXFileReference; lastKnownFileType = folder.assetcatalog; path = Assets.xcassets; sourceTree = "<group>"; };
		91FAD27A200CD02100CD3E1E /* Info.plist */ = {isa = PBXFileReference; lastKnownFileType = text.plist.xml; path = Info.plist; sourceTree = "<group>"; };
		91FAD27B200CD02100CD3E1E /* main.m */ = {isa = PBXFileReference; lastKnownFileType = sourcecode.c.objc; path = main.m; sourceTree = "<group>"; };
		91FAD281200CD02100CD3E1E /* ruilispaTests.xctest */ = {isa = PBXFileReference; explicitFileType = wrapper.cfbundle; includeInIndex = 0; path = ruilispaTests.xctest; sourceTree = BUILT_PRODUCTS_DIR; };
		91FAD285200CD02100CD3E1E /* ruilispaTests.m */ = {isa = PBXFileReference; lastKnownFileType = sourcecode.c.objc; path = ruilispaTests.m; sourceTree = "<group>"; };
		91FAD287200CD02100CD3E1E /* Info.plist */ = {isa = PBXFileReference; lastKnownFileType = text.plist.xml; path = Info.plist; sourceTree = "<group>"; };
		91FAD28C200CD02100CD3E1E /* ruilispaUITests.xctest */ = {isa = PBXFileReference; explicitFileType = wrapper.cfbundle; includeInIndex = 0; path = ruilispaUITests.xctest; sourceTree = BUILT_PRODUCTS_DIR; };
		91FAD290200CD02100CD3E1E /* ruilispaUITests.m */ = {isa = PBXFileReference; lastKnownFileType = sourcecode.c.objc; path = ruilispaUITests.m; sourceTree = "<group>"; };
		91FAD292200CD02100CD3E1E /* Info.plist */ = {isa = PBXFileReference; lastKnownFileType = text.plist.xml; path = Info.plist; sourceTree = "<group>"; };
/* End PBXFileReference section */

/* Begin PBXFrameworksBuildPhase section */
		91FAD266200CD02100CD3E1E /* Frameworks */ = {
			isa = PBXFrameworksBuildPhase;
			buildActionMask = 2147483647;
			files = (
			);
			runOnlyForDeploymentPostprocessing = 0;
		};
		91FAD27E200CD02100CD3E1E /* Frameworks */ = {
			isa = PBXFrameworksBuildPhase;
			buildActionMask = 2147483647;
			files = (
			);
			runOnlyForDeploymentPostprocessing = 0;
		};
		91FAD289200CD02100CD3E1E /* Frameworks */ = {
			isa = PBXFrameworksBuildPhase;
			buildActionMask = 2147483647;
			files = (
			);
			runOnlyForDeploymentPostprocessing = 0;
		};
/* End PBXFrameworksBuildPhase section */

/* Begin PBXGroup section */
		914EB843200D9851007E6EE4 /* 3dParty */ = {
			isa = PBXGroup;
			children = (
				916EF473200F89A5001CBB6D /* JSDropDownMenu */,
				914EB844200D986B007E6EE4 /* fmdb */,
				914EB851200D986B007E6EE4 /* JHCustomMenu */,
			);
			path = 3dParty;
			sourceTree = "<group>";
		};
		914EB844200D986B007E6EE4 /* fmdb */ = {
			isa = PBXGroup;
			children = (
				914EB845200D986B007E6EE4 /* FMDatabase.h */,
				914EB846200D986B007E6EE4 /* FMDatabaseQueue.m */,
				914EB847200D986B007E6EE4 /* FMResultSet.h */,
				914EB848200D986B007E6EE4 /* FMDatabasePool.h */,
				914EB849200D986B007E6EE4 /* FMDatabaseAdditions.m */,
				914EB84A200D986B007E6EE4 /* FMDatabase.m */,
				914EB84B200D986B007E6EE4 /* FMDatabaseQueue.h */,
				914EB84C200D986B007E6EE4 /* FMDB.h */,
				914EB84D200D986B007E6EE4 /* FMDatabaseAdditions.h */,
				914EB84E200D986B007E6EE4 /* FMDatabasePool.m */,
				914EB84F200D986B007E6EE4 /* FMResultSet.m */,
				914EB850200D986B007E6EE4 /* Info.plist */,
			);
			path = fmdb;
			sourceTree = "<group>";
		};
		914EB851200D986B007E6EE4 /* JHCustomMenu */ = {
			isa = PBXGroup;
			children = (
				914EB852200D986B007E6EE4 /* JHCustomMenu.h */,
				914EB853200D986B007E6EE4 /* CustomMenuTableViewCell.h */,
				914EB854200D986B007E6EE4 /* JHCustomMenu.m */,
				914EB855200D986B007E6EE4 /* CustomMenuTableViewCell.m */,
			);
			path = JHCustomMenu;
			sourceTree = "<group>";
		};
		916EF46F200F8644001CBB6D /* tools */ = {
			isa = PBXGroup;
			children = (
				916EF470200F8650001CBB6D /* UIView+UIViewExt.h */,
				916EF471200F8650001CBB6D /* UIView+UIViewExt.m */,
				91E18FC82012E19B00706125 /* YXNavBarView.h */,
				91E18FC92012E19B00706125 /* YXNavBarView.m */,
			);
			path = tools;
			sourceTree = "<group>";
		};
		916EF473200F89A5001CBB6D /* JSDropDownMenu */ = {
			isa = PBXGroup;
			children = (
				916EF476200F89A5001CBB6D /* JSDropDownMenu.h */,
				916EF474200F89A5001CBB6D /* JSDropDownMenu.m */,
				916EF475200F89A5001CBB6D /* ico_make.png */,
			);
			path = JSDropDownMenu;
			sourceTree = "<group>";
		};
		91E18FCB2012E31600706125 /* imageSource */ = {
			isa = PBXGroup;
			children = (
				91E18FDB2012FDE600706125 /* defaultImg.jpeg */,
				91E18FDA2012FDE600706125 /* defaultImg@2x.jpeg */,
				91E18FCC2012E34600706125 /* ImageShow_Back.png */,
				91E18FCD2012E34600706125 /* ImageShow_Back@2x.png */,
				91E18FE2201307F800706125 /* rightArrows@2x.png */,
				91E18FE1201307F800706125 /* rightArrows@3x.png */,
				91E18FE82013280E00706125 /* cellSelected@2x.png */,
				91E18FE92013280E00706125 /* cellSelected@3x.png */,
			);
			path = imageSource;
			sourceTree = "<group>";
		};
		91E18FD02012E5B400706125 /* model */ = {
			isa = PBXGroup;
			children = (
				91E18FD12012E5D700706125 /* YXProjectModel.h */,
				91E18FD22012E5D700706125 /* YXProjectModel.m */,
				91E18FEC2013424100706125 /* YXProductModel.h */,
				91E18FED2013424100706125 /* YXProductModel.m */,
				91E18FEF2013442F00706125 /* YXMealCardModel.h */,
				91E18FF02013442F00706125 /* YXMealCardModel.m */,
				91E18FF2201344D900706125 /* YXChargeCardModel.h */,
				91E18FF3201344D900706125 /* YXChargeCardModel.m */,
			);
			path = model;
			sourceTree = "<group>";
		};
		91E18FF520134C3C00706125 /* db */ = {
			isa = PBXGroup;
			children = (
				918CB4532013968900605722 /* ruili.db */,
			);
			path = db;
			sourceTree = "<group>";
		};
		91FAD260200CD02100CD3E1E = {
			isa = PBXGroup;
			children = (
				91FAD26B200CD02100CD3E1E /* ruilispa */,
				91FAD284200CD02100CD3E1E /* ruilispaTests */,
				91FAD28F200CD02100CD3E1E /* ruilispaUITests */,
				91FAD26A200CD02100CD3E1E /* Products */,
			);
			sourceTree = "<group>";
		};
		91FAD26A200CD02100CD3E1E /* Products */ = {
			isa = PBXGroup;
			children = (
				91FAD269200CD02100CD3E1E /* ruilispa.app */,
				91FAD281200CD02100CD3E1E /* ruilispaTests.xctest */,
				91FAD28C200CD02100CD3E1E /* ruilispaUITests.xctest */,
			);
			name = Products;
			sourceTree = "<group>";
		};
		91FAD26B200CD02100CD3E1E /* ruilispa */ = {
			isa = PBXGroup;
			children = (
				91E18FF520134C3C00706125 /* db */,
				91E18FCB2012E31600706125 /* imageSource */,
				916EF46F200F8644001CBB6D /* tools */,
				914EB843200D9851007E6EE4 /* 3dParty */,
				91FAD26C200CD02100CD3E1E /* AppDelegate.h */,
				91FAD26D200CD02100CD3E1E /* AppDelegate.m */,
				91E18FD02012E5B400706125 /* model */,
				91E18FC42012DD4E00706125 /* YXSQLManager.h */,
				91E18FC52012DD4E00706125 /* YXSQLManager.m */,
				916EF47D200F9235001CBB6D /* YXDeviceTools.h */,
				916EF47E200F9235001CBB6D /* YXDeviceTools.m */,
				91FAD26F200CD02100CD3E1E /* YXViewController.h */,
				91FAD270200CD02100CD3E1E /* YXViewController.m */,
				91E18FC12012DD2D00706125 /* YXAddProjectViewController.h */,
				91E18FC22012DD2D00706125 /* YXAddProjectViewController.m */,
				91E18FDE2013013300706125 /* YXAddprojectTableViewCell.h */,
				91E18FDF2013013300706125 /* YXAddprojectTableViewCell.m */,
				91E18FD42012FB6000706125 /* YXSelectProjectViewController.h */,
				91E18FD52012FB6000706125 /* YXSelectProjectViewController.m */,
				91E18FE52013278D00706125 /* YXSelectProjectTableViewCell.h */,
				91E18FE62013278D00706125 /* YXSelectProjectTableViewCell.m */,
				91E18FD72012FB7A00706125 /* YXSelectProjectClassViewController.h */,
				91E18FD82012FB7A00706125 /* YXSelectProjectClassViewController.m */,
				91E18FBF2012D63A00706125 /* project.plist */,
				91E18FFA20137AE700706125 /* product.plist */,
				91FAD275200CD02100CD3E1E /* Assets.xcassets */,
				91FAD27A200CD02100CD3E1E /* Info.plist */,
				91FAD27B200CD02100CD3E1E /* main.m */,
				916EF46B200E3D7D001CBB6D /* LaunchScreen.storyboard */,
				916EF46E200F846D001CBB6D /* ruilispa_Prefix.pch */,
			);
			path = ruilispa;
			sourceTree = "<group>";
		};
		91FAD284200CD02100CD3E1E /* ruilispaTests */ = {
			isa = PBXGroup;
			children = (
				91FAD285200CD02100CD3E1E /* ruilispaTests.m */,
				91FAD287200CD02100CD3E1E /* Info.plist */,
			);
			path = ruilispaTests;
			sourceTree = "<group>";
		};
		91FAD28F200CD02100CD3E1E /* ruilispaUITests */ = {
			isa = PBXGroup;
			children = (
				91FAD290200CD02100CD3E1E /* ruilispaUITests.m */,
				91FAD292200CD02100CD3E1E /* Info.plist */,
			);
			path = ruilispaUITests;
			sourceTree = "<group>";
		};
/* End PBXGroup section */

/* Begin PBXNativeTarget section */
		91FAD268200CD02100CD3E1E /* ruilispa */ = {
			isa = PBXNativeTarget;
			buildConfigurationList = 91FAD295200CD02100CD3E1E /* Build configuration list for PBXNativeTarget "ruilispa" */;
			buildPhases = (
				91FAD265200CD02100CD3E1E /* Sources */,
				91FAD266200CD02100CD3E1E /* Frameworks */,
				91FAD267200CD02100CD3E1E /* Resources */,
			);
			buildRules = (
			);
			dependencies = (
			);
			name = ruilispa;
			productName = ruilispa;
			productReference = 91FAD269200CD02100CD3E1E /* ruilispa.app */;
			productType = "com.apple.product-type.application";
		};
		91FAD280200CD02100CD3E1E /* ruilispaTests */ = {
			isa = PBXNativeTarget;
			buildConfigurationList = 91FAD298200CD02100CD3E1E /* Build configuration list for PBXNativeTarget "ruilispaTests" */;
			buildPhases = (
				91FAD27D200CD02100CD3E1E /* Sources */,
				91FAD27E200CD02100CD3E1E /* Frameworks */,
				91FAD27F200CD02100CD3E1E /* Resources */,
			);
			buildRules = (
			);
			dependencies = (
				91FAD283200CD02100CD3E1E /* PBXTargetDependency */,
			);
			name = ruilispaTests;
			productName = ruilispaTests;
			productReference = 91FAD281200CD02100CD3E1E /* ruilispaTests.xctest */;
			productType = "com.apple.product-type.bundle.unit-test";
		};
		91FAD28B200CD02100CD3E1E /* ruilispaUITests */ = {
			isa = PBXNativeTarget;
			buildConfigurationList = 91FAD29B200CD02100CD3E1E /* Build configuration list for PBXNativeTarget "ruilispaUITests" */;
			buildPhases = (
				91FAD288200CD02100CD3E1E /* Sources */,
				91FAD289200CD02100CD3E1E /* Frameworks */,
				91FAD28A200CD02100CD3E1E /* Resources */,
			);
			buildRules = (
			);
			dependencies = (
				91FAD28E200CD02100CD3E1E /* PBXTargetDependency */,
			);
			name = ruilispaUITests;
			productName = ruilispaUITests;
			productReference = 91FAD28C200CD02100CD3E1E /* ruilispaUITests.xctest */;
			productType = "com.apple.product-type.bundle.ui-testing";
		};
/* End PBXNativeTarget section */

/* Begin PBXProject section */
		91FAD261200CD02100CD3E1E /* Project object */ = {
			isa = PBXProject;
			attributes = {
				LastUpgradeCheck = 0920;
				ORGANIZATIONNAME = ruili;
				TargetAttributes = {
					91FAD268200CD02100CD3E1E = {
						CreatedOnToolsVersion = 9.2;
						ProvisioningStyle = Automatic;
					};
					91FAD280200CD02100CD3E1E = {
						CreatedOnToolsVersion = 9.2;
						ProvisioningStyle = Automatic;
						TestTargetID = 91FAD268200CD02100CD3E1E;
					};
					91FAD28B200CD02100CD3E1E = {
						CreatedOnToolsVersion = 9.2;
						ProvisioningStyle = Automatic;
						TestTargetID = 91FAD268200CD02100CD3E1E;
					};
				};
			};
			buildConfigurationList = 91FAD264200CD02100CD3E1E /* Build configuration list for PBXProject "ruilispa" */;
			compatibilityVersion = "Xcode 8.0";
			developmentRegion = en;
			hasScannedForEncodings = 0;
			knownRegions = (
				en,
				Base,
			);
			mainGroup = 91FAD260200CD02100CD3E1E;
			productRefGroup = 91FAD26A200CD02100CD3E1E /* Products */;
			projectDirPath = "";
			projectRoot = "";
			targets = (
				91FAD268200CD02100CD3E1E /* ruilispa */,
				91FAD280200CD02100CD3E1E /* ruilispaTests */,
				91FAD28B200CD02100CD3E1E /* ruilispaUITests */,
			);
		};
/* End PBXProject section */

/* Begin PBXResourcesBuildPhase section */
		91FAD267200CD02100CD3E1E /* Resources */ = {
			isa = PBXResourcesBuildPhase;
			buildActionMask = 2147483647;
			files = (
				916EF46C200E3D7D001CBB6D /* LaunchScreen.storyboard in Resources */,
				91E18FCE2012E34600706125 /* ImageShow_Back.png in Resources */,
				918CB4542013968900605722 /* ruili.db in Resources */,
				91E18FDD2012FDE700706125 /* defaultImg.jpeg in Resources */,
				91E18FDC2012FDE700706125 /* defaultImg@2x.jpeg in Resources */,
				914EB85B200D986B007E6EE4 /* Info.plist in Resources */,
				91E18FCF2012E34600706125 /* ImageShow_Back@2x.png in Resources */,
				91E18FE3201307F800706125 /* rightArrows@3x.png in Resources */,
				91E18FE4201307F800706125 /* rightArrows@2x.png in Resources */,
				91FAD276200CD02100CD3E1E /* Assets.xcassets in Resources */,
				91E18FEA2013280E00706125 /* cellSelected@2x.png in Resources */,
				91E18FEB2013280E00706125 /* cellSelected@3x.png in Resources */,
				91E18FC02012D63A00706125 /* project.plist in Resources */,
				91E18FFB20137AE700706125 /* product.plist in Resources */,
				916EF478200F89A5001CBB6D /* ico_make.png in Resources */,
			);
			runOnlyForDeploymentPostprocessing = 0;
		};
		91FAD27F200CD02100CD3E1E /* Resources */ = {
			isa = PBXResourcesBuildPhase;
			buildActionMask = 2147483647;
			files = (
			);
			runOnlyForDeploymentPostprocessing = 0;
		};
		91FAD28A200CD02100CD3E1E /* Resources */ = {
			isa = PBXResourcesBuildPhase;
			buildActionMask = 2147483647;
			files = (
			);
			runOnlyForDeploymentPostprocessing = 0;
		};
/* End PBXResourcesBuildPhase section */

/* Begin PBXSourcesBuildPhase section */
		91FAD265200CD02100CD3E1E /* Sources */ = {
			isa = PBXSourcesBuildPhase;
			buildActionMask = 2147483647;
			files = (
				914EB85C200D986B007E6EE4 /* JHCustomMenu.m in Sources */,
				914EB85D200D986B007E6EE4 /* CustomMenuTableViewCell.m in Sources */,
				91E18FE02013013300706125 /* YXAddprojectTableViewCell.m in Sources */,
				91E18FC62012DD4E00706125 /* YXSQLManager.m in Sources */,
				91E18FF4201344D900706125 /* YXChargeCardModel.m in Sources */,
				91E18FD92012FB7A00706125 /* YXSelectProjectClassViewController.m in Sources */,
				91FAD271200CD02100CD3E1E /* YXViewController.m in Sources */,
				91E18FF12013442F00706125 /* YXMealCardModel.m in Sources */,
				914EB856200D986B007E6EE4 /* FMDatabaseQueue.m in Sources */,
				91FAD27C200CD02100CD3E1E /* main.m in Sources */,
				91E18FEE2013424100706125 /* YXProductModel.m in Sources */,
				914EB858200D986B007E6EE4 /* FMDatabase.m in Sources */,
				914EB859200D986B007E6EE4 /* FMDatabasePool.m in Sources */,
				91E18FC32012DD2D00706125 /* YXAddProjectViewController.m in Sources */,
				916EF47F200F9235001CBB6D /* YXDeviceTools.m in Sources */,
				91FAD26E200CD02100CD3E1E /* AppDelegate.m in Sources */,
				916EF472200F8650001CBB6D /* UIView+UIViewExt.m in Sources */,
				914EB85A200D986B007E6EE4 /* FMResultSet.m in Sources */,
				91E18FE72013278D00706125 /* YXSelectProjectTableViewCell.m in Sources */,
				91E18FD62012FB6000706125 /* YXSelectProjectViewController.m in Sources */,
				916EF477200F89A5001CBB6D /* JSDropDownMenu.m in Sources */,
				914EB857200D986B007E6EE4 /* FMDatabaseAdditions.m in Sources */,
				91E18FCA2012E19B00706125 /* YXNavBarView.m in Sources */,
				91E18FD32012E5D700706125 /* YXProjectModel.m in Sources */,
			);
			runOnlyForDeploymentPostprocessing = 0;
		};
		91FAD27D200CD02100CD3E1E /* Sources */ = {
			isa = PBXSourcesBuildPhase;
			buildActionMask = 2147483647;
			files = (
				91FAD286200CD02100CD3E1E /* ruilispaTests.m in Sources */,
			);
			runOnlyForDeploymentPostprocessing = 0;
		};
		91FAD288200CD02100CD3E1E /* Sources */ = {
			isa = PBXSourcesBuildPhase;
			buildActionMask = 2147483647;
			files = (
				91FAD291200CD02100CD3E1E /* ruilispaUITests.m in Sources */,
			);
			runOnlyForDeploymentPostprocessing = 0;
		};
/* End PBXSourcesBuildPhase section */

/* Begin PBXTargetDependency section */
		91FAD283200CD02100CD3E1E /* PBXTargetDependency */ = {
			isa = PBXTargetDependency;
			target = 91FAD268200CD02100CD3E1E /* ruilispa */;
			targetProxy = 91FAD282200CD02100CD3E1E /* PBXContainerItemProxy */;
		};
		91FAD28E200CD02100CD3E1E /* PBXTargetDependency */ = {
			isa = PBXTargetDependency;
			target = 91FAD268200CD02100CD3E1E /* ruilispa */;
			targetProxy = 91FAD28D200CD02100CD3E1E /* PBXContainerItemProxy */;
		};
/* End PBXTargetDependency section */

/* Begin XCBuildConfiguration section */
		91FAD293200CD02100CD3E1E /* Debug */ = {
			isa = XCBuildConfiguration;
			buildSettings = {
				ALWAYS_SEARCH_USER_PATHS = NO;
				CLANG_ANALYZER_NONNULL = YES;
				CLANG_ANALYZER_NUMBER_OBJECT_CONVERSION = YES_AGGRESSIVE;
				CLANG_CXX_LANGUAGE_STANDARD = "gnu++14";
				CLANG_CXX_LIBRARY = "libc++";
				CLANG_ENABLE_MODULES = YES;
				CLANG_ENABLE_OBJC_ARC = YES;
				CLANG_WARN_BLOCK_CAPTURE_AUTORELEASING = YES;
				CLANG_WARN_BOOL_CONVERSION = YES;
				CLANG_WARN_COMMA = YES;
				CLANG_WARN_CONSTANT_CONVERSION = YES;
				CLANG_WARN_DIRECT_OBJC_ISA_USAGE = YES_ERROR;
				CLANG_WARN_DOCUMENTATION_COMMENTS = YES;
				CLANG_WARN_EMPTY_BODY = YES;
				CLANG_WARN_ENUM_CONVERSION = YES;
				CLANG_WARN_INFINITE_RECURSION = YES;
				CLANG_WARN_INT_CONVERSION = YES;
				CLANG_WARN_NON_LITERAL_NULL_CONVERSION = YES;
				CLANG_WARN_OBJC_LITERAL_CONVERSION = YES;
				CLANG_WARN_OBJC_ROOT_CLASS = YES_ERROR;
				CLANG_WARN_RANGE_LOOP_ANALYSIS = YES;
				CLANG_WARN_STRICT_PROTOTYPES = YES;
				CLANG_WARN_SUSPICIOUS_MOVE = YES;
				CLANG_WARN_UNGUARDED_AVAILABILITY = YES_AGGRESSIVE;
				CLANG_WARN_UNREACHABLE_CODE = YES;
				CLANG_WARN__DUPLICATE_METHOD_MATCH = YES;
				CODE_SIGN_IDENTITY = "iPhone Developer";
				COPY_PHASE_STRIP = NO;
				DEBUG_INFORMATION_FORMAT = dwarf;
				ENABLE_STRICT_OBJC_MSGSEND = YES;
				ENABLE_TESTABILITY = YES;
				GCC_C_LANGUAGE_STANDARD = gnu11;
				GCC_DYNAMIC_NO_PIC = NO;
				GCC_NO_COMMON_BLOCKS = YES;
				GCC_OPTIMIZATION_LEVEL = 0;
				GCC_PRECOMPILE_PREFIX_HEADER = YES;
				GCC_PREFIX_HEADER = "$(SRCROOT)/ruilispa/ruilispa_Prefix.pch";
				GCC_PREPROCESSOR_DEFINITIONS = (
					"DEBUG=1",
					"$(inherited)",
				);
				GCC_WARN_64_TO_32_BIT_CONVERSION = YES;
				GCC_WARN_ABOUT_RETURN_TYPE = YES_ERROR;
				GCC_WARN_UNDECLARED_SELECTOR = YES;
				GCC_WARN_UNINITIALIZED_AUTOS = YES_AGGRESSIVE;
				GCC_WARN_UNUSED_FUNCTION = YES;
				GCC_WARN_UNUSED_VARIABLE = YES;
				IPHONEOS_DEPLOYMENT_TARGET = 11.2;
				MTL_ENABLE_DEBUG_INFO = YES;
				ONLY_ACTIVE_ARCH = YES;
				SDKROOT = iphoneos;
			};
			name = Debug;
		};
		91FAD294200CD02100CD3E1E /* Release */ = {
			isa = XCBuildConfiguration;
			buildSettings = {
				ALWAYS_SEARCH_USER_PATHS = NO;
				CLANG_ANALYZER_NONNULL = YES;
				CLANG_ANALYZER_NUMBER_OBJECT_CONVERSION = YES_AGGRESSIVE;
				CLANG_CXX_LANGUAGE_STANDARD = "gnu++14";
				CLANG_CXX_LIBRARY = "libc++";
				CLANG_ENABLE_MODULES = YES;
				CLANG_ENABLE_OBJC_ARC = YES;
				CLANG_WARN_BLOCK_CAPTURE_AUTORELEASING = YES;
				CLANG_WARN_BOOL_CONVERSION = YES;
				CLANG_WARN_COMMA = YES;
				CLANG_WARN_CONSTANT_CONVERSION = YES;
				CLANG_WARN_DIRECT_OBJC_ISA_USAGE = YES_ERROR;
				CLANG_WARN_DOCUMENTATION_COMMENTS = YES;
				CLANG_WARN_EMPTY_BODY = YES;
				CLANG_WARN_ENUM_CONVERSION = YES;
				CLANG_WARN_INFINITE_RECURSION = YES;
				CLANG_WARN_INT_CONVERSION = YES;
				CLANG_WARN_NON_LITERAL_NULL_CONVERSION = YES;
				CLANG_WARN_OBJC_LITERAL_CONVERSION = YES;
				CLANG_WARN_OBJC_ROOT_CLASS = YES_ERROR;
				CLANG_WARN_RANGE_LOOP_ANALYSIS = YES;
				CLANG_WARN_STRICT_PROTOTYPES = YES;
				CLANG_WARN_SUSPICIOUS_MOVE = YES;
				CLANG_WARN_UNGUARDED_AVAILABILITY = YES_AGGRESSIVE;
				CLANG_WARN_UNREACHABLE_CODE = YES;
				CLANG_WARN__DUPLICATE_METHOD_MATCH = YES;
				CODE_SIGN_IDENTITY = "iPhone Developer";
				COPY_PHASE_STRIP = NO;
				DEBUG_INFORMATION_FORMAT = "dwarf-with-dsym";
				ENABLE_NS_ASSERTIONS = NO;
				ENABLE_STRICT_OBJC_MSGSEND = YES;
				GCC_C_LANGUAGE_STANDARD = gnu11;
				GCC_NO_COMMON_BLOCKS = YES;
				GCC_PRECOMPILE_PREFIX_HEADER = YES;
				GCC_PREFIX_HEADER = "$(SRCROOT)/ruilispa/ruilispa_Prefix.pch";
				GCC_WARN_64_TO_32_BIT_CONVERSION = YES;
				GCC_WARN_ABOUT_RETURN_TYPE = YES_ERROR;
				GCC_WARN_UNDECLARED_SELECTOR = YES;
				GCC_WARN_UNINITIALIZED_AUTOS = YES_AGGRESSIVE;
				GCC_WARN_UNUSED_FUNCTION = YES;
				GCC_WARN_UNUSED_VARIABLE = YES;
				IPHONEOS_DEPLOYMENT_TARGET = 11.2;
				MTL_ENABLE_DEBUG_INFO = NO;
				SDKROOT = iphoneos;
				VALIDATE_PRODUCT = YES;
			};
			name = Release;
		};
		91FAD296200CD02100CD3E1E /* Debug */ = {
			isa = XCBuildConfiguration;
			buildSettings = {
				ASSETCATALOG_COMPILER_APPICON_NAME = AppIcon;
				ASSETCATALOG_COMPILER_LAUNCHIMAGE_NAME = LaunchImage;
				CODE_SIGN_STYLE = Automatic;
				DEVELOPMENT_TEAM = 52567B56W3;
				INFOPLIST_FILE = ruilispa/Info.plist;
				IPHONEOS_DEPLOYMENT_TARGET = 8.0;
				LD_RUNPATH_SEARCH_PATHS = "$(inherited) @executable_path/Frameworks";
				PRODUCT_BUNDLE_IDENTIFIER = com.ruili.ruilispa.ruilispa;
				PRODUCT_NAME = "$(TARGET_NAME)";
				TARGETED_DEVICE_FAMILY = "1,2";
			};
			name = Debug;
		};
		91FAD297200CD02100CD3E1E /* Release */ = {
			isa = XCBuildConfiguration;
			buildSettings = {
				ASSETCATALOG_COMPILER_APPICON_NAME = AppIcon;
				ASSETCATALOG_COMPILER_LAUNCHIMAGE_NAME = LaunchImage;
				CODE_SIGN_STYLE = Automatic;
				DEVELOPMENT_TEAM = 52567B56W3;
				INFOPLIST_FILE = ruilispa/Info.plist;
				IPHONEOS_DEPLOYMENT_TARGET = 8.0;
				LD_RUNPATH_SEARCH_PATHS = "$(inherited) @executable_path/Frameworks";
				PRODUCT_BUNDLE_IDENTIFIER = com.ruili.ruilispa.ruilispa;
				PRODUCT_NAME = "$(TARGET_NAME)";
				TARGETED_DEVICE_FAMILY = "1,2";
			};
			name = Release;
		};
		91FAD299200CD02100CD3E1E /* Debug */ = {
			isa = XCBuildConfiguration;
			buildSettings = {
				BUNDLE_LOADER = "$(TEST_HOST)";
				CODE_SIGN_STYLE = Automatic;
				INFOPLIST_FILE = ruilispaTests/Info.plist;
				LD_RUNPATH_SEARCH_PATHS = "$(inherited) @executable_path/Frameworks @loader_path/Frameworks";
				PRODUCT_BUNDLE_IDENTIFIER = com.ruili.ruilispa.ruilispaTests;
				PRODUCT_NAME = "$(TARGET_NAME)";
				TARGETED_DEVICE_FAMILY = "1,2";
				TEST_HOST = "$(BUILT_PRODUCTS_DIR)/ruilispa.app/ruilispa";
			};
			name = Debug;
		};
		91FAD29A200CD02100CD3E1E /* Release */ = {
			isa = XCBuildConfiguration;
			buildSettings = {
				BUNDLE_LOADER = "$(TEST_HOST)";
				CODE_SIGN_STYLE = Automatic;
				INFOPLIST_FILE = ruilispaTests/Info.plist;
				LD_RUNPATH_SEARCH_PATHS = "$(inherited) @executable_path/Frameworks @loader_path/Frameworks";
				PRODUCT_BUNDLE_IDENTIFIER = com.ruili.ruilispa.ruilispaTests;
				PRODUCT_NAME = "$(TARGET_NAME)";
				TARGETED_DEVICE_FAMILY = "1,2";
				TEST_HOST = "$(BUILT_PRODUCTS_DIR)/ruilispa.app/ruilispa";
			};
			name = Release;
		};
		91FAD29C200CD02100CD3E1E /* Debug */ = {
			isa = XCBuildConfiguration;
			buildSettings = {
				CODE_SIGN_STYLE = Automatic;
				INFOPLIST_FILE = ruilispaUITests/Info.plist;
				LD_RUNPATH_SEARCH_PATHS = "$(inherited) @executable_path/Frameworks @loader_path/Frameworks";
				PRODUCT_BUNDLE_IDENTIFIER = com.ruili.ruilispa.ruilispaUITests;
				PRODUCT_NAME = "$(TARGET_NAME)";
				TARGETED_DEVICE_FAMILY = "1,2";
				TEST_TARGET_NAME = ruilispa;
			};
			name = Debug;
		};
		91FAD29D200CD02100CD3E1E /* Release */ = {
			isa = XCBuildConfiguration;
			buildSettings = {
				CODE_SIGN_STYLE = Automatic;
				INFOPLIST_FILE = ruilispaUITests/Info.plist;
				LD_RUNPATH_SEARCH_PATHS = "$(inherited) @executable_path/Frameworks @loader_path/Frameworks";
				PRODUCT_BUNDLE_IDENTIFIER = com.ruili.ruilispa.ruilispaUITests;
				PRODUCT_NAME = "$(TARGET_NAME)";
				TARGETED_DEVICE_FAMILY = "1,2";
				TEST_TARGET_NAME = ruilispa;
			};
			name = Release;
		};
/* End XCBuildConfiguration section */

/* Begin XCConfigurationList section */
		91FAD264200CD02100CD3E1E /* Build configuration list for PBXProject "ruilispa" */ = {
			isa = XCConfigurationList;
			buildConfigurations = (
				91FAD293200CD02100CD3E1E /* Debug */,
				91FAD294200CD02100CD3E1E /* Release */,
			);
			defaultConfigurationIsVisible = 0;
			defaultConfigurationName = Release;
		};
		91FAD295200CD02100CD3E1E /* Build configuration list for PBXNativeTarget "ruilispa" */ = {
			isa = XCConfigurationList;
			buildConfigurations = (
				91FAD296200CD02100CD3E1E /* Debug */,
				91FAD297200CD02100CD3E1E /* Release */,
			);
			defaultConfigurationIsVisible = 0;
			defaultConfigurationName = Release;
		};
		91FAD298200CD02100CD3E1E /* Build configuration list for PBXNativeTarget "ruilispaTests" */ = {
			isa = XCConfigurationList;
			buildConfigurations = (
				91FAD299200CD02100CD3E1E /* Debug */,
				91FAD29A200CD02100CD3E1E /* Release */,
			);
			defaultConfigurationIsVisible = 0;
			defaultConfigurationName = Release;
		};
		91FAD29B200CD02100CD3E1E /* Build configuration list for PBXNativeTarget "ruilispaUITests" */ = {
			isa = XCConfigurationList;
			buildConfigurations = (
				91FAD29C200CD02100CD3E1E /* Debug */,
				91FAD29D200CD02100CD3E1E /* Release */,
			);
			defaultConfigurationIsVisible = 0;
			defaultConfigurationName = Release;
		};
/* End XCConfigurationList section */
	};
	rootObject = 91FAD261200CD02100CD3E1E /* Project object */;
}
